
Microsoft Visual Studio Solution File, Format Version 12.00
# Visual Studio Version 16
VisualStudioVersion = 16.0.29418.71
MinimumVisualStudioVersion = 10.0.40219.1
Project("{FAE04EC0-301F-11D3-BF4B-00C04F79EFBC}") = "WpfApp2", "WpfApp2\WpfApp2.csproj", "{DAC8C3C8-43FB-4A60-9D10-0DA2417CDF62}"
EndProject
Global
	GlobalSection(SolutionConfigurationPlatforms) = preSolution
		Debug|Any CPU = Debug|Any CPU
		Release|Any CPU = Release|Any CPU
	EndGlobalSection
	GlobalSection(ProjectConfigurationPlatforms) = postSolution
		{DAC8C3C8-43FB-4A60-9D10-0DA2417CDF62}.Debug|Any CPU.ActiveCfg = Debug|Any CPU
		{DAC8C3C8-43FB-4A60-9D10-0DA2417CDF62}.Debug|Any CPU.Build.0 = Debug|Any CPU
		{DAC8C3C8-43FB-4A60-9D10-0DA2417CDF62}.Release|Any CPU.ActiveCfg = Release|Any CPU
		{DAC8C3C8-43FB-4A60-9D10-0DA2417CDF62}.Release|Any CPU.Build.0 = Release|Any CPU
	EndGlobalSection
	GlobalSection(SolutionProperties) = preSolution
		HideSolutionNode = FALSE
	EndGlobalSection
	GlobalSection(ExtensibilityGlobals) = postSolution
		SolutionGuid = {00AB9664-7BE5-4DB7-A1D2-87FEE046763E}
	EndGlobalSection
EndGlobal
